
Microsoft Visual Studio Solution File, Format Version 12.00
# Visual Studio Version 17
VisualStudioVersion = 17.3.32901.215
MinimumVisualStudioVersion = 10.0.40219.1
Project("{9A19103F-16F7-4668-BE54-9A1E7A4F7556}") = "pz_28", "pz_28.csproj", "{87CE96E2-1A1F-4726-88D8-845C0D6020FC}"
EndProject
Project("{9A19103F-16F7-4668-BE54-9A1E7A4F7556}") = "pz_20.1", "..\pz_20.1\pz_20.1.csproj", "{A1931571-7E4B-4BA3-A14B-CFA93044BA8D}"
EndProject
Project("{9A19103F-16F7-4668-BE54-9A1E7A4F7556}") = "pz_21.1", "..\pz_21.1\pz_21.1.csproj", "{87C280DF-3B77-4A5F-9456-BF438E4503DE}"
EndProject
Project("{9A19103F-16F7-4668-BE54-9A1E7A4F7556}") = "pz_23", "..\pz_23\pz_23.csproj", "{899CFE69-E38A-4561-9866-EE2491513C20}"
EndProject
Project("{9A19103F-16F7-4668-BE54-9A1E7A4F7556}") = "pz_22.1", "..\pz_22.1\pz_22.1.csproj", "{544602B4-3FBA-41FF-8CF5-222B12B4CCF3}"
EndProject
Project("{FAE04EC0-301F-11D3-BF4B-00C04F79EFBC}") = "pz_24", "..\pz_24\pz_24.csproj", "{14FA19A7-8B8B-48DD-90AC-0DEBC7089CD6}"
EndProject
Project("{FAE04EC0-301F-11D3-BF4B-00C04F79EFBC}") = "pz25", "..\pz25\pz25.csproj", "{3EF6CC41-741B-43F0-91C3-1E97360C4EB7}"
EndProject
Global
	GlobalSection(SolutionConfigurationPlatforms) = preSolution
		Debug|Any CPU = Debug|Any CPU
		Release|Any CPU = Release|Any CPU
	EndGlobalSection
	GlobalSection(ProjectConfigurationPlatforms) = postSolution
		{87CE96E2-1A1F-4726-88D8-845C0D6020FC}.Debug|Any CPU.ActiveCfg = Debug|Any CPU
		{87CE96E2-1A1F-4726-88D8-845C0D6020FC}.Debug|Any CPU.Build.0 = Debug|Any CPU
		{87CE96E2-1A1F-4726-88D8-845C0D6020FC}.Release|Any CPU.ActiveCfg = Release|Any CPU
		{87CE96E2-1A1F-4726-88D8-845C0D6020FC}.Release|Any CPU.Build.0 = Release|Any CPU
		{A1931571-7E4B-4BA3-A14B-CFA93044BA8D}.Debug|Any CPU.ActiveCfg = Debug|Any CPU
		{A1931571-7E4B-4BA3-A14B-CFA93044BA8D}.Debug|Any CPU.Build.0 = Debug|Any CPU
		{A1931571-7E4B-4BA3-A14B-CFA93044BA8D}.Release|Any CPU.ActiveCfg = Release|Any CPU
		{A1931571-7E4B-4BA3-A14B-CFA93044BA8D}.Release|Any CPU.Build.0 = Release|Any CPU
		{87C280DF-3B77-4A5F-9456-BF438E4503DE}.Debug|Any CPU.ActiveCfg = Debug|Any CPU
		{87C280DF-3B77-4A5F-9456-BF438E4503DE}.Debug|Any CPU.Build.0 = Debug|Any CPU
		{87C280DF-3B77-4A5F-9456-BF438E4503DE}.Release|Any CPU.ActiveCfg = Release|Any CPU
		{87C280DF-3B77-4A5F-9456-BF438E4503DE}.Release|Any CPU.Build.0 = Release|Any CPU
		{899CFE69-E38A-4561-9866-EE2491513C20}.Debug|Any CPU.ActiveCfg = Debug|Any CPU
		{899CFE69-E38A-4561-9866-EE2491513C20}.Debug|Any CPU.Build.0 = Debug|Any CPU
		{899CFE69-E38A-4561-9866-EE2491513C20}.Release|Any CPU.ActiveCfg = Release|Any CPU
		{899CFE69-E38A-4561-9866-EE2491513C20}.Release|Any CPU.Build.0 = Release|Any CPU
		{544602B4-3FBA-41FF-8CF5-222B12B4CCF3}.Debug|Any CPU.ActiveCfg = Debug|Any CPU
		{544602B4-3FBA-41FF-8CF5-222B12B4CCF3}.Debug|Any CPU.Build.0 = Debug|Any CPU
		{544602B4-3FBA-41FF-8CF5-222B12B4CCF3}.Release|Any CPU.ActiveCfg = Release|Any CPU
		{544602B4-3FBA-41FF-8CF5-222B12B4CCF3}.Release|Any CPU.Build.0 = Release|Any CPU
		{14FA19A7-8B8B-48DD-90AC-0DEBC7089CD6}.Debug|Any CPU.ActiveCfg = Debug|Any CPU
		{14FA19A7-8B8B-48DD-90AC-0DEBC7089CD6}.Debug|Any CPU.Build.0 = Debug|Any CPU
		{14FA19A7-8B8B-48DD-90AC-0DEBC7089CD6}.Release|Any CPU.ActiveCfg = Release|Any CPU
		{14FA19A7-8B8B-48DD-90AC-0DEBC7089CD6}.Release|Any CPU.Build.0 = Release|Any CPU
		{3EF6CC41-741B-43F0-91C3-1E97360C4EB7}.Debug|Any CPU.ActiveCfg = Debug|Any CPU
		{3EF6CC41-741B-43F0-91C3-1E97360C4EB7}.Debug|Any CPU.Build.0 = Debug|Any CPU
		{3EF6CC41-741B-43F0-91C3-1E97360C4EB7}.Release|Any CPU.ActiveCfg = Release|Any CPU
		{3EF6CC41-741B-43F0-91C3-1E97360C4EB7}.Release|Any CPU.Build.0 = Release|Any CPU
	EndGlobalSection
	GlobalSection(SolutionProperties) = preSolution
		HideSolutionNode = FALSE
	EndGlobalSection
	GlobalSection(ExtensibilityGlobals) = postSolution
		SolutionGuid = {2A765174-1702-4079-98EB-F9C4464DB570}
	EndGlobalSection
EndGlobal
